
Microsoft Visual Studio Solution File, Format Version 12.00
# Visual Studio Version 16
VisualStudioVersion = 16.0.30413.136
MinimumVisualStudioVersion = 10.0.40219.1
Project("{FAE04EC0-301F-11D3-BF4B-00C04F79EFBC}") = "Teatro-App", "Teatro-App\Teatro-App.csproj", "{02D147C1-CB57-4292-A9E4-DC0C6FFA7DC6}"
EndProject
Project("{FAE04EC0-301F-11D3-BF4B-00C04F79EFBC}") = "Teatro-App.Tests", "Teatro-App.Tests\Teatro-App.Tests.csproj", "{4403B083-7E4C-4FC8-A392-CDEF3EA40FB0}"
EndProject
Project("{FAE04EC0-301F-11D3-BF4B-00C04F79EFBC}") = "Repositorios", "Repositorios\Repositorios.csproj", "{6ACDE27B-9F7F-4359-86BE-980E1ABEED65}"
EndProject
Global
	GlobalSection(SolutionConfigurationPlatforms) = preSolution
		Debug|Any CPU = Debug|Any CPU
		Release|Any CPU = Release|Any CPU
	EndGlobalSection
	GlobalSection(ProjectConfigurationPlatforms) = postSolution
		{02D147C1-CB57-4292-A9E4-DC0C6FFA7DC6}.Debug|Any CPU.ActiveCfg = Debug|Any CPU
		{02D147C1-CB57-4292-A9E4-DC0C6FFA7DC6}.Debug|Any CPU.Build.0 = Debug|Any CPU
		{02D147C1-CB57-4292-A9E4-DC0C6FFA7DC6}.Release|Any CPU.ActiveCfg = Release|Any CPU
		{02D147C1-CB57-4292-A9E4-DC0C6FFA7DC6}.Release|Any CPU.Build.0 = Release|Any CPU
		{4403B083-7E4C-4FC8-A392-CDEF3EA40FB0}.Debug|Any CPU.ActiveCfg = Debug|Any CPU
		{4403B083-7E4C-4FC8-A392-CDEF3EA40FB0}.Debug|Any CPU.Build.0 = Debug|Any CPU
		{4403B083-7E4C-4FC8-A392-CDEF3EA40FB0}.Release|Any CPU.ActiveCfg = Release|Any CPU
		{4403B083-7E4C-4FC8-A392-CDEF3EA40FB0}.Release|Any CPU.Build.0 = Release|Any CPU
		{6ACDE27B-9F7F-4359-86BE-980E1ABEED65}.Debug|Any CPU.ActiveCfg = Debug|Any CPU
		{6ACDE27B-9F7F-4359-86BE-980E1ABEED65}.Debug|Any CPU.Build.0 = Debug|Any CPU
		{6ACDE27B-9F7F-4359-86BE-980E1ABEED65}.Release|Any CPU.ActiveCfg = Release|Any CPU
		{6ACDE27B-9F7F-4359-86BE-980E1ABEED65}.Release|Any CPU.Build.0 = Release|Any CPU
	EndGlobalSection
	GlobalSection(SolutionProperties) = preSolution
		HideSolutionNode = FALSE
	EndGlobalSection
	GlobalSection(ExtensibilityGlobals) = postSolution
		SolutionGuid = {87268C3A-E42D-4B81-95EE-E8C306736002}
	EndGlobalSection
EndGlobal
